
Microsoft Visual Studio Solution File, Format Version 12.00
# Visual Studio 15
VisualStudioVersion = 15.0.26124.0
MinimumVisualStudioVersion = 15.0.26124.0
Project("{FAE04EC0-301F-11D3-BF4B-00C04F79EFBC}") = "Server", "Server\Server.csproj", "{A2DE5FCB-D704-454A-9534-3B3CA1998899}"
EndProject
Project("{FAE04EC0-301F-11D3-BF4B-00C04F79EFBC}") = "Data", "Data\Data.csproj", "{7943F6D2-C32F-4695-80F5-A63BE1AAD390}"
EndProject
Project("{FAE04EC0-301F-11D3-BF4B-00C04F79EFBC}") = "Game", "Game\Game.csproj", "{1F9E2464-5305-407A-920B-1D202F58CDF9}"
EndProject
Project("{FAE04EC0-301F-11D3-BF4B-00C04F79EFBC}") = "Engine", "Engine\Engine.csproj", "{A56D4498-362F-44F1-8EA7-C2239629A0DC}"
EndProject
Project("{FAE04EC0-301F-11D3-BF4B-00C04F79EFBC}") = "Core", "Core\Core.csproj", "{47EA8DFC-5F29-495C-9336-5D2AF5D51D30}"
EndProject
Global
	GlobalSection(SolutionConfigurationPlatforms) = preSolution
		Debug|Any CPU = Debug|Any CPU
		Debug|x64 = Debug|x64
		Debug|x86 = Debug|x86
		Release|Any CPU = Release|Any CPU
		Release|x64 = Release|x64
		Release|x86 = Release|x86
	EndGlobalSection
	GlobalSection(SolutionProperties) = preSolution
		HideSolutionNode = FALSE
	EndGlobalSection
	GlobalSection(ProjectConfigurationPlatforms) = postSolution
		{A2DE5FCB-D704-454A-9534-3B3CA1998899}.Debug|Any CPU.ActiveCfg = Debug|Any CPU
		{A2DE5FCB-D704-454A-9534-3B3CA1998899}.Debug|Any CPU.Build.0 = Debug|Any CPU
		{A2DE5FCB-D704-454A-9534-3B3CA1998899}.Debug|x64.ActiveCfg = Debug|Any CPU
		{A2DE5FCB-D704-454A-9534-3B3CA1998899}.Debug|x64.Build.0 = Debug|Any CPU
		{A2DE5FCB-D704-454A-9534-3B3CA1998899}.Debug|x86.ActiveCfg = Debug|Any CPU
		{A2DE5FCB-D704-454A-9534-3B3CA1998899}.Debug|x86.Build.0 = Debug|Any CPU
		{A2DE5FCB-D704-454A-9534-3B3CA1998899}.Release|Any CPU.ActiveCfg = Release|Any CPU
		{A2DE5FCB-D704-454A-9534-3B3CA1998899}.Release|Any CPU.Build.0 = Release|Any CPU
		{A2DE5FCB-D704-454A-9534-3B3CA1998899}.Release|x64.ActiveCfg = Release|Any CPU
		{A2DE5FCB-D704-454A-9534-3B3CA1998899}.Release|x64.Build.0 = Release|Any CPU
		{A2DE5FCB-D704-454A-9534-3B3CA1998899}.Release|x86.ActiveCfg = Release|Any CPU
		{A2DE5FCB-D704-454A-9534-3B3CA1998899}.Release|x86.Build.0 = Release|Any CPU
		{7943F6D2-C32F-4695-80F5-A63BE1AAD390}.Debug|Any CPU.ActiveCfg = Debug|Any CPU
		{7943F6D2-C32F-4695-80F5-A63BE1AAD390}.Debug|Any CPU.Build.0 = Debug|Any CPU
		{7943F6D2-C32F-4695-80F5-A63BE1AAD390}.Debug|x64.ActiveCfg = Debug|Any CPU
		{7943F6D2-C32F-4695-80F5-A63BE1AAD390}.Debug|x64.Build.0 = Debug|Any CPU
		{7943F6D2-C32F-4695-80F5-A63BE1AAD390}.Debug|x86.ActiveCfg = Debug|Any CPU
		{7943F6D2-C32F-4695-80F5-A63BE1AAD390}.Debug|x86.Build.0 = Debug|Any CPU
		{7943F6D2-C32F-4695-80F5-A63BE1AAD390}.Release|Any CPU.ActiveCfg = Release|Any CPU
		{7943F6D2-C32F-4695-80F5-A63BE1AAD390}.Release|Any CPU.Build.0 = Release|Any CPU
		{7943F6D2-C32F-4695-80F5-A63BE1AAD390}.Release|x64.ActiveCfg = Release|Any CPU
		{7943F6D2-C32F-4695-80F5-A63BE1AAD390}.Release|x64.Build.0 = Release|Any CPU
		{7943F6D2-C32F-4695-80F5-A63BE1AAD390}.Release|x86.ActiveCfg = Release|Any CPU
		{7943F6D2-C32F-4695-80F5-A63BE1AAD390}.Release|x86.Build.0 = Release|Any CPU
		{1F9E2464-5305-407A-920B-1D202F58CDF9}.Debug|Any CPU.ActiveCfg = Debug|Any CPU
		{1F9E2464-5305-407A-920B-1D202F58CDF9}.Debug|Any CPU.Build.0 = Debug|Any CPU
		{1F9E2464-5305-407A-920B-1D202F58CDF9}.Debug|x64.ActiveCfg = Debug|Any CPU
		{1F9E2464-5305-407A-920B-1D202F58CDF9}.Debug|x64.Build.0 = Debug|Any CPU
		{1F9E2464-5305-407A-920B-1D202F58CDF9}.Debug|x86.ActiveCfg = Debug|Any CPU
		{1F9E2464-5305-407A-920B-1D202F58CDF9}.Debug|x86.Build.0 = Debug|Any CPU
		{1F9E2464-5305-407A-920B-1D202F58CDF9}.Release|Any CPU.ActiveCfg = Release|Any CPU
		{1F9E2464-5305-407A-920B-1D202F58CDF9}.Release|Any CPU.Build.0 = Release|Any CPU
		{1F9E2464-5305-407A-920B-1D202F58CDF9}.Release|x64.ActiveCfg = Release|Any CPU
		{1F9E2464-5305-407A-920B-1D202F58CDF9}.Release|x64.Build.0 = Release|Any CPU
		{1F9E2464-5305-407A-920B-1D202F58CDF9}.Release|x86.ActiveCfg = Release|Any CPU
		{1F9E2464-5305-407A-920B-1D202F58CDF9}.Release|x86.Build.0 = Release|Any CPU
		{A56D4498-362F-44F1-8EA7-C2239629A0DC}.Debug|Any CPU.ActiveCfg = Debug|Any CPU
		{A56D4498-362F-44F1-8EA7-C2239629A0DC}.Debug|Any CPU.Build.0 = Debug|Any CPU
		{A56D4498-362F-44F1-8EA7-C2239629A0DC}.Debug|x64.ActiveCfg = Debug|Any CPU
		{A56D4498-362F-44F1-8EA7-C2239629A0DC}.Debug|x64.Build.0 = Debug|Any CPU
		{A56D4498-362F-44F1-8EA7-C2239629A0DC}.Debug|x86.ActiveCfg = Debug|Any CPU
		{A56D4498-362F-44F1-8EA7-C2239629A0DC}.Debug|x86.Build.0 = Debug|Any CPU
		{A56D4498-362F-44F1-8EA7-C2239629A0DC}.Release|Any CPU.ActiveCfg = Release|Any CPU
		{A56D4498-362F-44F1-8EA7-C2239629A0DC}.Release|Any CPU.Build.0 = Release|Any CPU
		{A56D4498-362F-44F1-8EA7-C2239629A0DC}.Release|x64.ActiveCfg = Release|Any CPU
		{A56D4498-362F-44F1-8EA7-C2239629A0DC}.Release|x64.Build.0 = Release|Any CPU
		{A56D4498-362F-44F1-8EA7-C2239629A0DC}.Release|x86.ActiveCfg = Release|Any CPU
		{A56D4498-362F-44F1-8EA7-C2239629A0DC}.Release|x86.Build.0 = Release|Any CPU
		{47EA8DFC-5F29-495C-9336-5D2AF5D51D30}.Debug|Any CPU.ActiveCfg = Debug|Any CPU
		{47EA8DFC-5F29-495C-9336-5D2AF5D51D30}.Debug|Any CPU.Build.0 = Debug|Any CPU
		{47EA8DFC-5F29-495C-9336-5D2AF5D51D30}.Debug|x64.ActiveCfg = Debug|Any CPU
		{47EA8DFC-5F29-495C-9336-5D2AF5D51D30}.Debug|x64.Build.0 = Debug|Any CPU
		{47EA8DFC-5F29-495C-9336-5D2AF5D51D30}.Debug|x86.ActiveCfg = Debug|Any CPU
		{47EA8DFC-5F29-495C-9336-5D2AF5D51D30}.Debug|x86.Build.0 = Debug|Any CPU
		{47EA8DFC-5F29-495C-9336-5D2AF5D51D30}.Release|Any CPU.ActiveCfg = Release|Any CPU
		{47EA8DFC-5F29-495C-9336-5D2AF5D51D30}.Release|Any CPU.Build.0 = Release|Any CPU
		{47EA8DFC-5F29-495C-9336-5D2AF5D51D30}.Release|x64.ActiveCfg = Release|Any CPU
		{47EA8DFC-5F29-495C-9336-5D2AF5D51D30}.Release|x64.Build.0 = Release|Any CPU
		{47EA8DFC-5F29-495C-9336-5D2AF5D51D30}.Release|x86.ActiveCfg = Release|Any CPU
		{47EA8DFC-5F29-495C-9336-5D2AF5D51D30}.Release|x86.Build.0 = Release|Any CPU
	EndGlobalSection
EndGlobal
